// !$*UTF8*$!
{
	archiveVersion = 1;
	classes = {
	};
	objectVersion = 56;
	objects = {

/* Begin PBXBuildFile section */
		870CDCB52F005A8500A4A992 /* TaskCell.swift in Sources */ = {isa = PBXBuildFile; fileRef = 870CDCB42F005A8500A4A992 /* TaskCell.swift */; };
		87C773C32EF702C200609B05 /* Task.swift in Sources */ = {isa = PBXBuildFile; fileRef = 87C773C22EF702C200609B05 /* Task.swift */; };
		87C773C52EF704F200609B05 /* TaskStorage.swift in Sources */ = {isa = PBXBuildFile; fileRef = 87C773C42EF704F200609B05 /* TaskStorage.swift */; };
		87CBDEB52EE48A5E00F89507 /* AppDelegate.swift in Sources */ = {isa = PBXBuildFile; fileRef = 87CBDEB42EE48A5E00F89507 /* AppDelegate.swift */; };
		87CBDEB72EE48A5E00F89507 /* SceneDelegate.swift in Sources */ = {isa = PBXBuildFile; fileRef = 87CBDEB62EE48A5E00F89507 /* SceneDelegate.swift */; };
		87CBDEB92EE48A5E00F89507 /* ViewController.swift in Sources */ = {isa = PBXBuildFile; fileRef = 87CBDEB82EE48A5E00F89507 /* ViewController.swift */; };
		87CBDEBC2EE48A5E00F89507 /* Base in Resources */ = {isa = PBXBuildFile; fileRef = 87CBDEBB2EE48A5E00F89507 /* Base */; };
		87CBDEBE2EE48A6000F89507 /* Assets.xcassets in Resources */ = {isa = PBXBuildFile; fileRef = 87CBDEBD2EE48A6000F89507 /* Assets.xcassets */; };
		87CBDEC12EE48A6000F89507 /* Base in Resources */ = {isa = PBXBuildFile; fileRef = 87CBDEC02EE48A6000F89507 /* Base */; };
/* End PBXBuildFile section */

/* Begin PBXFileReference section */
		870CDCB42F005A8500A4A992 /* TaskCell.swift */ = {isa = PBXFileReference; lastKnownFileType = sourcecode.swift; path = TaskCell.swift; sourceTree = "<group>"; };
		87C773C22EF702C200609B05 /* Task.swift */ = {isa = PBXFileReference; lastKnownFileType = sourcecode.swift; path = Task.swift; sourceTree = "<group>"; };
		87C773C42EF704F200609B05 /* TaskStorage.swift */ = {isa = PBXFileReference; lastKnownFileType = sourcecode.swift; path = TaskStorage.swift; sourceTree = "<group>"; };
		87CBDEB12EE48A5E00F89507 /* TodoApp.app */ = {isa = PBXFileReference; explicitFileType = wrapper.application; includeInIndex = 0; path = TodoApp.app; sourceTree = BUILT_PRODUCTS_DIR; };
		87CBDEB42EE48A5E00F89507 /* AppDelegate.swift */ = {isa = PBXFileReference; lastKnownFileType = sourcecode.swift; path = AppDelegate.swift; sourceTree = "<group>"; };
		87CBDEB62EE48A5E00F89507 /* SceneDelegate.swift */ = {isa = PBXFileReference; lastKnownFileType = sourcecode.swift; path = SceneDelegate.swift; sourceTree = "<group>"; };
		87CBDEB82EE48A5E00F89507 /* ViewController.swift */ = {isa = PBXFileReference; lastKnownFileType = sourcecode.swift; path = ViewController.swift; sourceTree = "<group>"; };
		87CBDEBB2EE48A5E00F89507 /* Base */ = {isa = PBXFileReference; lastKnownFileType = file.storyboard; name = Base; path = Base.lproj/Main.storyboard; sourceTree = "<group>"; };
		87CBDEBD2EE48A6000F89507 /* Assets.xcassets */ = {isa = PBXFileReference; lastKnownFileType = folder.assetcatalog; path = Assets.xcassets; sourceTree = "<group>"; };
		87CBDEC02EE48A6000F89507 /* Base */ = {isa = PBXFileReference; lastKnownFileType = file.storyboard; name = Base; path = Base.lproj/LaunchScreen.storyboard; sourceTree = "<group>"; };
		87CBDEC22EE48A6000F89507 /* Info.plist */ = {isa = PBXFileReference; lastKnownFileType = text.plist.xml; path = Info.plist; sourceTree = "<group>"; };
/* End PBXFileReference section */

/* Begin PBXFrameworksBuildPhase section */
		87CBDEAE2EE48A5E00F89507 /* Frameworks */ = {
			isa = PBXFrameworksBuildPhase;
			buildActionMask = 2147483647;
			files = (
			);
			runOnlyForDeploymentPostprocessing = 0;
		};
/* End PBXFrameworksBuildPhase section */

/* Begin PBXGroup section */
		87CBDEA82EE48A5D00F89507 = {
			isa = PBXGroup;
			children = (
				87CBDEB32EE48A5E00F89507 /* 1 */,
				87CBDEB22EE48A5E00F89507 /* Products */,
			);
			sourceTree = "<group>";
		};
		87CBDEB22EE48A5E00F89507 /* Products */ = {
			isa = PBXGroup;
			children = (
				87CBDEB12EE48A5E00F89507 /* TodoApp.app */,
			);
			name = Products;
			sourceTree = "<group>";
		};
		87CBDEB32EE48A5E00F89507 /* 1 */ = {
			isa = PBXGroup;
			children = (
				87CBDEB42EE48A5E00F89507 /* AppDelegate.swift */,
				87CBDEB62EE48A5E00F89507 /* SceneDelegate.swift */,
				87CBDEB82EE48A5E00F89507 /* ViewController.swift */,
				87C773C22EF702C200609B05 /* Task.swift */,
				870CDCB42F005A8500A4A992 /* TaskCell.swift */,
				87C773C42EF704F200609B05 /* TaskStorage.swift */,
				87CBDEBA2EE48A5E00F89507 /* Main.storyboard */,
				87CBDEBD2EE48A6000F89507 /* Assets.xcassets */,
				87CBDEBF2EE48A6000F89507 /* LaunchScreen.storyboard */,
				87CBDEC22EE48A6000F89507 /* Info.plist */,
			);
			path = 1;
			sourceTree = "<group>";
		};
/* End PBXGroup section */

/* Begin PBXNativeTarget section */
		87CBDEB02EE48A5E00F89507 /* TodoApp */ = {
			isa = PBXNativeTarget;
			buildConfigurationList = 87CBDEC52EE48A6000F89507 /* Build configuration list for PBXNativeTarget "TodoApp" */;
			buildPhases = (
				87CBDEAD2EE48A5E00F89507 /* Sources */,
				87CBDEAE2EE48A5E00F89507 /* Frameworks */,
				87CBDEAF2EE48A5E00F89507 /* Resources */,
			);
			buildRules = (
			);
			dependencies = (
			);
			name = TodoApp;
			productName = 1;
			productReference = 87CBDEB12EE48A5E00F89507 /* TodoApp.app */;
			productType = "com.apple.product-type.application";
		};
/* End PBXNativeTarget section */

/* Begin PBXProject section */
		87CBDEA92EE48A5D00F89507 /* Project object */ = {
			isa = PBXProject;
			attributes = {
				BuildIndependentTargetsInParallel = 1;
				LastSwiftUpdateCheck = 1540;
				LastUpgradeCheck = 1540;
				TargetAttributes = {
					87CBDEB02EE48A5E00F89507 = {
						CreatedOnToolsVersion = 15.4;
					};
				};
			};
			buildConfigurationList = 87CBDEAC2EE48A5D00F89507 /* Build configuration list for PBXProject "TodoApp" */;
			compatibilityVersion = "Xcode 14.0";
			developmentRegion = en;
			hasScannedForEncodings = 0;
			knownRegions = (
				en,
				Base,
			);
			mainGroup = 87CBDEA82EE48A5D00F89507;
			productRefGroup = 87CBDEB22EE48A5E00F89507 /* Products */;
			projectDirPath = "";
			projectRoot = "";
			targets = (
				87CBDEB02EE48A5E00F89507 /* TodoApp */,
			);
		};
/* End PBXProject section */

/* Begin PBXResourcesBuildPhase section */
		87CBDEAF2EE48A5E00F89507 /* Resources */ = {
			isa = PBXResourcesBuildPhase;
			buildActionMask = 2147483647;
			files = (
				87CBDEBE2EE48A6000F89507 /* Assets.xcassets in Resources */,
				87CBDEC12EE48A6000F89507 /* Base in Resources */,
				87CBDEBC2EE48A5E00F89507 /* Base in Resources */,
			);
			runOnlyForDeploymentPostprocessing = 0;
		};
/* End PBXResourcesBuildPhase section */

/* Begin PBXSourcesBuildPhase section */
		87CBDEAD2EE48A5E00F89507 /* Sources */ = {
			isa = PBXSourcesBuildPhase;
			buildActionMask = 2147483647;
			files = (
				87C773C32EF702C200609B05 /* Task.swift in Sources */,
				87CBDEB92EE48A5E00F89507 /* ViewController.swift in Sources */,
				87CBDEB52EE48A5E00F89507 /* AppDelegate.swift in Sources */,
				87C773C52EF704F200609B05 /* TaskStorage.swift in Sources */,
				870CDCB52F005A8500A4A992 /* TaskCell.swift in Sources */,
				87CBDEB72EE48A5E00F89507 /* SceneDelegate.swift in Sources */,
			);
			runOnlyForDeploymentPostprocessing = 0;
		};
/* End PBXSourcesBuildPhase section */

/* Begin PBXVariantGroup section */
		87CBDEBA2EE48A5E00F89507 /* Main.storyboard */ = {
			isa = PBXVariantGroup;
			children = (
				87CBDEBB2EE48A5E00F89507 /* Base */,
			);
			name = Main.storyboard;
			sourceTree = "<group>";
		};
		87CBDEBF2EE48A6000F89507 /* LaunchScreen.storyboard */ = {
			isa = PBXVariantGroup;
			children = (
				87CBDEC02EE48A6000F89507 /* Base */,
			);
			name = LaunchScreen.storyboard;
			sourceTree = "<group>";
		};
/* End PBXVariantGroup section */

/* Begin XCBuildConfiguration section */
		87CBDEC32EE48A6000F89507 /* Debug */ = {
			isa = XCBuildConfiguration;
			buildSettings = {
				ALWAYS_SEARCH_USER_PATHS = NO;
				ASSETCATALOG_COMPILER_GENERATE_SWIFT_ASSET_SYMBOL_EXTENSIONS = YES;
				CLANG_ANALYZER_NONNULL = YES;
				CLANG_ANALYZER_NUMBER_OBJECT_CONVERSION = YES_AGGRESSIVE;
				CLANG_CXX_LANGUAGE_STANDARD = "gnu++20";
				CLANG_ENABLE_MODULES = YES;
				CLANG_ENABLE_OBJC_ARC = YES;
				CLANG_ENABLE_OBJC_WEAK = YES;
				CLANG_WARN_BLOCK_CAPTURE_AUTORELEASING = YES;
				CLANG_WARN_BOOL_CONVERSION = YES;
				CLANG_WARN_COMMA = YES;
				CLANG_WARN_CONSTANT_CONVERSION = YES;
				CLANG_WARN_DEPRECATED_OBJC_IMPLEMENTATIONS = YES;
				CLANG_WARN_DIRECT_OBJC_ISA_USAGE = YES_ERROR;
				CLANG_WARN_DOCUMENTATION_COMMENTS = YES;
				CLANG_WARN_EMPTY_BODY = YES;
				CLANG_WARN_ENUM_CONVERSION = YES;
				CLANG_WARN_INFINITE_RECURSION = YES;
				CLANG_WARN_INT_CONVERSION = YES;
				CLANG_WARN_NON_LITERAL_NULL_CONVERSION = YES;
				CLANG_WARN_OBJC_IMPLICIT_RETAIN_SELF = YES;
				CLANG_WARN_OBJC_LITERAL_CONVERSION = YES;
				CLANG_WARN_OBJC_ROOT_CLASS = YES_ERROR;
				CLANG_WARN_QUOTED_INCLUDE_IN_FRAMEWORK_HEADER = YES;
				CLANG_WARN_RANGE_LOOP_ANALYSIS = YES;
				CLANG_WARN_STRICT_PROTOTYPES = YES;
				CLANG_WARN_SUSPICIOUS_MOVE = YES;
				CLANG_WARN_UNGUARDED_AVAILABILITY = YES_AGGRESSIVE;
				CLANG_WARN_UNREACHABLE_CODE = YES;
				CLANG_WARN__DUPLICATE_METHOD_MATCH = YES;
				COPY_PHASE_STRIP = NO;
				DEBUG_INFORMATION_FORMAT = dwarf;
				ENABLE_STRICT_OBJC_MSGSEND = YES;
				ENABLE_TESTABILITY = YES;
				ENABLE_USER_SCRIPT_SANDBOXING = YES;
				GCC_C_LANGUAGE_STANDARD = gnu17;
				GCC_DYNAMIC_NO_PIC = NO;
				GCC_NO_COMMON_BLOCKS = YES;
				GCC_OPTIMIZATION_LEVEL = 0;
				GCC_PREPROCESSOR_DEFINITIONS = (
					"DEBUG=1",
					"$(inherited)",
				);
				GCC_WARN_64_TO_32_BIT_CONVERSION = YES;
				GCC_WARN_ABOUT_RETURN_TYPE = YES_ERROR;
				GCC_WARN_UNDECLARED_SELECTOR = YES;
				GCC_WARN_UNINITIALIZED_AUTOS = YES_AGGRESSIVE;
				GCC_WARN_UNUSED_FUNCTION = YES;
				GCC_WARN_UNUSED_VARIABLE = YES;
				IPHONEOS_DEPLOYMENT_TARGET = 17.5;
				LOCALIZATION_PREFERS_STRING_CATALOGS = YES;
				MTL_ENABLE_DEBUG_INFO = INCLUDE_SOURCE;
				MTL_FAST_MATH = YES;
				ONLY_ACTIVE_ARCH = YES;
				SDKROOT = iphoneos;
				SWIFT_ACTIVE_COMPILATION_CONDITIONS = "DEBUG $(inherited)";
				SWIFT_OPTIMIZATION_LEVEL = "-Onone";
			};
			name = Debug;
		};
		87CBDEC42EE48A6000F89507 /* Release */ = {
			isa = XCBuildConfiguration;
			buildSettings = {
				ALWAYS_SEARCH_USER_PATHS = NO;
				ASSETCATALOG_COMPILER_GENERATE_SWIFT_ASSET_SYMBOL_EXTENSIONS = YES;
				CLANG_ANALYZER_NONNULL = YES;
				CLANG_ANALYZER_NUMBER_OBJECT_CONVERSION = YES_AGGRESSIVE;
				CLANG_CXX_LANGUAGE_STANDARD = "gnu++20";
				CLANG_ENABLE_MODULES = YES;
				CLANG_ENABLE_OBJC_ARC = YES;
				CLANG_ENABLE_OBJC_WEAK = YES;
				CLANG_WARN_BLOCK_CAPTURE_AUTORELEASING = YES;
				CLANG_WARN_BOOL_CONVERSION = YES;
				CLANG_WARN_COMMA = YES;
				CLANG_WARN_CONSTANT_CONVERSION = YES;
				CLANG_WARN_DEPRECATED_OBJC_IMPLEMENTATIONS = YES;
				CLANG_WARN_DIRECT_OBJC_ISA_USAGE = YES_ERROR;
				CLANG_WARN_DOCUMENTATION_COMMENTS = YES;
				CLANG_WARN_EMPTY_BODY = YES;
				CLANG_WARN_ENUM_CONVERSION = YES;
				CLANG_WARN_INFINITE_RECURSION = YES;
				CLANG_WARN_INT_CONVERSION = YES;
				CLANG_WARN_NON_LITERAL_NULL_CONVERSION = YES;
				CLANG_WARN_OBJC_IMPLICIT_RETAIN_SELF = YES;
				CLANG_WARN_OBJC_LITERAL_CONVERSION = YES;
				CLANG_WARN_OBJC_ROOT_CLASS = YES_ERROR;
				CLANG_WARN_QUOTED_INCLUDE_IN_FRAMEWORK_HEADER = YES;
				CLANG_WARN_RANGE_LOOP_ANALYSIS = YES;
				CLANG_WARN_STRICT_PROTOTYPES = YES;
				CLANG_WARN_SUSPICIOUS_MOVE = YES;
				CLANG_WARN_UNGUARDED_AVAILABILITY = YES_AGGRESSIVE;
				CLANG_WARN_UNREACHABLE_CODE = YES;
				CLANG_WARN__DUPLICATE_METHOD_MATCH = YES;
				COPY_PHASE_STRIP = NO;
				DEBUG_INFORMATION_FORMAT = "dwarf-with-dsym";
				ENABLE_NS_ASSERTIONS = NO;
				ENABLE_STRICT_OBJC_MSGSEND = YES;
				ENABLE_USER_SCRIPT_SANDBOXING = YES;
				GCC_C_LANGUAGE_STANDARD = gnu17;
				GCC_NO_COMMON_BLOCKS = YES;
				GCC_WARN_64_TO_32_BIT_CONVERSION = YES;
				GCC_WARN_ABOUT_RETURN_TYPE = YES_ERROR;
				GCC_WARN_UNDECLARED_SELECTOR = YES;
				GCC_WARN_UNINITIALIZED_AUTOS = YES_AGGRESSIVE;
				GCC_WARN_UNUSED_FUNCTION = YES;
				GCC_WARN_UNUSED_VARIABLE = YES;
				IPHONEOS_DEPLOYMENT_TARGET = 17.5;
				LOCALIZATION_PREFERS_STRING_CATALOGS = YES;
				MTL_ENABLE_DEBUG_INFO = NO;
				MTL_FAST_MATH = YES;
				SDKROOT = iphoneos;
				SWIFT_COMPILATION_MODE = wholemodule;
				VALIDATE_PRODUCT = YES;
			};
			name = Release;
		};
		87CBDEC62EE48A6000F89507 /* Debug */ = {
			isa = XCBuildConfiguration;
			buildSettings = {
				ASSETCATALOG_COMPILER_APPICON_NAME = AppIcon;
				ASSETCATALOG_COMPILER_GLOBAL_ACCENT_COLOR_NAME = AccentColor;
				CODE_SIGN_STYLE = Automatic;
				CURRENT_PROJECT_VERSION = 1;
				DEVELOPMENT_TEAM = 55XT79LDJ4;
				GENERATE_INFOPLIST_FILE = YES;
				INFOPLIST_FILE = 1/Info.plist;
				INFOPLIST_KEY_UIApplicationSupportsIndirectInputEvents = YES;
				INFOPLIST_KEY_UILaunchStoryboardName = LaunchScreen;
				INFOPLIST_KEY_UIMainStoryboardFile = Main;
				INFOPLIST_KEY_UISupportedInterfaceOrientations_iPad = "UIInterfaceOrientationPortrait UIInterfaceOrientationPortraitUpsideDown UIInterfaceOrientationLandscapeLeft UIInterfaceOrientationLandscapeRight";
				INFOPLIST_KEY_UISupportedInterfaceOrientations_iPhone = "UIInterfaceOrientationPortrait UIInterfaceOrientationLandscapeLeft UIInterfaceOrientationLandscapeRight";
				LD_RUNPATH_SEARCH_PATHS = (
					"$(inherited)",
					"@executable_path/Frameworks",
				);
				MARKETING_VERSION = 1.0;
				PRODUCT_BUNDLE_IDENTIFIER = ru.MikeMolchanov.todoapp;
				PRODUCT_NAME = "$(TARGET_NAME)";
				SWIFT_EMIT_LOC_STRINGS = YES;
				SWIFT_VERSION = 5.0;
				TARGETED_DEVICE_FAMILY = "1,2";
			};
			name = Debug;
		};
		87CBDEC72EE48A6000F89507 /* Release */ = {
			isa = XCBuildConfiguration;
			buildSettings = {
				ASSETCATALOG_COMPILER_APPICON_NAME = AppIcon;
				ASSETCATALOG_COMPILER_GLOBAL_ACCENT_COLOR_NAME = AccentColor;
				CODE_SIGN_STYLE = Automatic;
				CURRENT_PROJECT_VERSION = 1;
				DEVELOPMENT_TEAM = 55XT79LDJ4;
				GENERATE_INFOPLIST_FILE = YES;
				INFOPLIST_FILE = 1/Info.plist;
				INFOPLIST_KEY_UIApplicationSupportsIndirectInputEvents = YES;
				INFOPLIST_KEY_UILaunchStoryboardName = LaunchScreen;
				INFOPLIST_KEY_UIMainStoryboardFile = Main;
				INFOPLIST_KEY_UISupportedInterfaceOrientations_iPad = "UIInterfaceOrientationPortrait UIInterfaceOrientationPortraitUpsideDown UIInterfaceOrientationLandscapeLeft UIInterfaceOrientationLandscapeRight";
				INFOPLIST_KEY_UISupportedInterfaceOrientations_iPhone = "UIInterfaceOrientationPortrait UIInterfaceOrientationLandscapeLeft UIInterfaceOrientationLandscapeRight";
				LD_RUNPATH_SEARCH_PATHS = (
					"$(inherited)",
					"@executable_path/Frameworks",
				);
				MARKETING_VERSION = 1.0;
				PRODUCT_BUNDLE_IDENTIFIER = ru.MikeMolchanov.todoapp;
				PRODUCT_NAME = "$(TARGET_NAME)";
				SWIFT_EMIT_LOC_STRINGS = YES;
				SWIFT_VERSION = 5.0;
				TARGETED_DEVICE_FAMILY = "1,2";
			};
			name = Release;
		};
/* End XCBuildConfiguration section */

/* Begin XCConfigurationList section */
		87CBDEAC2EE48A5D00F89507 /* Build configuration list for PBXProject "TodoApp" */ = {
			isa = XCConfigurationList;
			buildConfigurations = (
				87CBDEC32EE48A6000F89507 /* Debug */,
				87CBDEC42EE48A6000F89507 /* Release */,
			);
			defaultConfigurationIsVisible = 0;
			defaultConfigurationName = Release;
		};
		87CBDEC52EE48A6000F89507 /* Build configuration list for PBXNativeTarget "TodoApp" */ = {
			isa = XCConfigurationList;
			buildConfigurations = (
				87CBDEC62EE48A6000F89507 /* Debug */,
				87CBDEC72EE48A6000F89507 /* Release */,
			);
			defaultConfigurationIsVisible = 0;
			defaultConfigurationName = Release;
		};
/* End XCConfigurationList section */
	};
	rootObject = 87CBDEA92EE48A5D00F89507 /* Project object */;
}
